// !$*UTF8*$!
{
	archiveVersion = 1;
	classes = {
	};
	objectVersion = 46;
	objects = {

/* Begin PBXBuildFile section */
		A5199451197EA445009684C4 /* Sniglet.ttf in Resources */ = {isa = PBXBuildFile; fileRef = A5199450197EA445009684C4 /* Sniglet.ttf */; };
		A5199459197EAAE7009684C4 /* ShadowLabelNode.m in Sources */ = {isa = PBXBuildFile; fileRef = A5199458197EAAE7009684C4 /* ShadowLabelNode.m */; };
		A52379501934C1E1007D34CC /* pop.m4a in Resources */ = {isa = PBXBuildFile; fileRef = A523794F1934C1E1007D34CC /* pop.m4a */; };
		A54FCAD51908F926009B5255 /* Foundation.framework in Frameworks */ = {isa = PBXBuildFile; fileRef = A54FCAD41908F926009B5255 /* Foundation.framework */; };
		A54FCAD71908F926009B5255 /* CoreGraphics.framework in Frameworks */ = {isa = PBXBuildFile; fileRef = A54FCAD61908F926009B5255 /* CoreGraphics.framework */; };
		A54FCAD91908F926009B5255 /* UIKit.framework in Frameworks */ = {isa = PBXBuildFile; fileRef = A54FCAD81908F926009B5255 /* UIKit.framework */; };
		A54FCADB1908F926009B5255 /* SpriteKit.framework in Frameworks */ = {isa = PBXBuildFile; fileRef = A54FCADA1908F926009B5255 /* SpriteKit.framework */; };
		A54FCAE31908F926009B5255 /* main.m in Sources */ = {isa = PBXBuildFile; fileRef = A54FCAE21908F926009B5255 /* main.m */; };
		A54FCAE71908F926009B5255 /* AppDelegate.m in Sources */ = {isa = PBXBuildFile; fileRef = A54FCAE61908F926009B5255 /* AppDelegate.m */; };
		A54FCAF01908F926009B5255 /* GameController.m in Sources */ = {isa = PBXBuildFile; fileRef = A54FCAEF1908F926009B5255 /* GameController.m */; };
		A54FCAFE1908F926009B5255 /* XCTest.framework in Frameworks */ = {isa = PBXBuildFile; fileRef = A54FCAFD1908F926009B5255 /* XCTest.framework */; };
		A54FCAFF1908F926009B5255 /* Foundation.framework in Frameworks */ = {isa = PBXBuildFile; fileRef = A54FCAD41908F926009B5255 /* Foundation.framework */; };
		A54FCB001908F926009B5255 /* UIKit.framework in Frameworks */ = {isa = PBXBuildFile; fileRef = A54FCAD81908F926009B5255 /* UIKit.framework */; };
		A54FCB081908F926009B5255 /* InfoPlist.strings in Resources */ = {isa = PBXBuildFile; fileRef = A54FCB061908F926009B5255 /* InfoPlist.strings */; };
		A54FCB0A1908F926009B5255 /* IgaBallTests.m in Sources */ = {isa = PBXBuildFile; fileRef = A54FCB091908F926009B5255 /* IgaBallTests.m */; };
		A5556F55190C58930078C4C9 /* AdSupport.framework in Frameworks */ = {isa = PBXBuildFile; fileRef = A5556F53190C58930078C4C9 /* AdSupport.framework */; };
		A5556F56190C58930078C4C9 /* iAd.framework in Frameworks */ = {isa = PBXBuildFile; fileRef = A5556F54190C58930078C4C9 /* iAd.framework */; };
		A5556F5E190D1C310078C4C9 /* GameScene.m in Sources */ = {isa = PBXBuildFile; fileRef = A5556F59190D1C310078C4C9 /* GameScene.m */; };
		A5556F5F190D1C310078C4C9 /* LoadingScene.m in Sources */ = {isa = PBXBuildFile; fileRef = A5556F5B190D1C310078C4C9 /* LoadingScene.m */; };
		A5556F60190D1C310078C4C9 /* MainMenuScene.m in Sources */ = {isa = PBXBuildFile; fileRef = A5556F5D190D1C310078C4C9 /* MainMenuScene.m */; };
		A5556F64190D1C8A0078C4C9 /* PillowObject.m in Sources */ = {isa = PBXBuildFile; fileRef = A5556F63190D1C8A0078C4C9 /* PillowObject.m */; };
		A573C0A119210BB100D50372 /* PillowParticle.sks in Resources */ = {isa = PBXBuildFile; fileRef = A573C09F19210BB100D50372 /* PillowParticle.sks */; };
		A573C0A419210C4300D50372 /* PillowParticle.png in Resources */ = {isa = PBXBuildFile; fileRef = A573C0A319210C4300D50372 /* PillowParticle.png */; };
		A58E5C81192376AD004F95BC /* Social.framework in Frameworks */ = {isa = PBXBuildFile; fileRef = A58E5C80192376AD004F95BC /* Social.framework */; };
		A58E5C84192392A4004F95BC /* InfoScene.m in Sources */ = {isa = PBXBuildFile; fileRef = A58E5C83192392A4004F95BC /* InfoScene.m */; };
		A5974A5819100E0C009BD12A /* BallObject.m in Sources */ = {isa = PBXBuildFile; fileRef = A5974A5719100E0C009BD12A /* BallObject.m */; };
		A5974A6319102D12009BD12A /* GameOverScene.m in Sources */ = {isa = PBXBuildFile; fileRef = A5974A6219102D12009BD12A /* GameOverScene.m */; };
		A5B1770A1908FA54000C9921 /* Main_iPad.storyboard in Resources */ = {isa = PBXBuildFile; fileRef = A5B177021908FA54000C9921 /* Main_iPad.storyboard */; };
		A5B1770B1908FA54000C9921 /* Main_iPhone.storyboard in Resources */ = {isa = PBXBuildFile; fileRef = A5B177041908FA54000C9921 /* Main_iPhone.storyboard */; };
		A5B1770C1908FA54000C9921 /* Images.xcassets in Resources */ = {isa = PBXBuildFile; fileRef = A5B177061908FA54000C9921 /* Images.xcassets */; };
		A5B1770E1908FA54000C9921 /* InfoPlist.strings in Resources */ = {isa = PBXBuildFile; fileRef = A5B177081908FA54000C9921 /* InfoPlist.strings */; };
		A5B6E311191A2956000B967D /* GameKit.framework in Frameworks */ = {isa = PBXBuildFile; fileRef = A5B6E310191A2956000B967D /* GameKit.framework */; };
		A5E754AD196B2AC2006E4E47 /* BaseScene.m in Sources */ = {isa = PBXBuildFile; fileRef = A5E754AC196B2AC2006E4E47 /* BaseScene.m */; };
		A5E754B1196B382A006E4E47 /* game.m4a in Resources */ = {isa = PBXBuildFile; fileRef = A5E754AE196B382A006E4E47 /* game.m4a */; };
		A5E754B2196B382A006E4E47 /* gameover.m4a in Resources */ = {isa = PBXBuildFile; fileRef = A5E754AF196B382A006E4E47 /* gameover.m4a */; };
		A5E754B3196B382A006E4E47 /* main.m4a in Resources */ = {isa = PBXBuildFile; fileRef = A5E754B0196B382A006E4E47 /* main.m4a */; };
/* End PBXBuildFile section */

/* Begin PBXContainerItemProxy section */
		A54FCB011908F926009B5255 /* PBXContainerItemProxy */ = {
			isa = PBXContainerItemProxy;
			containerPortal = A54FCAC91908F926009B5255 /* Project object */;
			proxyType = 1;
			remoteGlobalIDString = A54FCAD01908F926009B5255;
			remoteInfo = IgaBall;
		};
/* End PBXContainerItemProxy section */

/* Begin PBXFileReference section */
		A5199450197EA445009684C4 /* Sniglet.ttf */ = {isa = PBXFileReference; lastKnownFileType = file; path = Sniglet.ttf; sourceTree = "<group>"; };
		A5199457197EAAE7009684C4 /* ShadowLabelNode.h */ = {isa = PBXFileReference; fileEncoding = 4; lastKnownFileType = sourcecode.c.h; path = ShadowLabelNode.h; sourceTree = "<group>"; };
		A5199458197EAAE7009684C4 /* ShadowLabelNode.m */ = {isa = PBXFileReference; fileEncoding = 4; lastKnownFileType = sourcecode.c.objc; path = ShadowLabelNode.m; sourceTree = "<group>"; };
		A523794F1934C1E1007D34CC /* pop.m4a */ = {isa = PBXFileReference; lastKnownFileType = file; path = pop.m4a; sourceTree = "<group>"; };
		A54FCAD11908F926009B5255 /* IgaBall.app */ = {isa = PBXFileReference; explicitFileType = wrapper.application; includeInIndex = 0; path = IgaBall.app; sourceTree = BUILT_PRODUCTS_DIR; };
		A54FCAD41908F926009B5255 /* Foundation.framework */ = {isa = PBXFileReference; lastKnownFileType = wrapper.framework; name = Foundation.framework; path = System/Library/Frameworks/Foundation.framework; sourceTree = SDKROOT; };
		A54FCAD61908F926009B5255 /* CoreGraphics.framework */ = {isa = PBXFileReference; lastKnownFileType = wrapper.framework; name = CoreGraphics.framework; path = System/Library/Frameworks/CoreGraphics.framework; sourceTree = SDKROOT; };
		A54FCAD81908F926009B5255 /* UIKit.framework */ = {isa = PBXFileReference; lastKnownFileType = wrapper.framework; name = UIKit.framework; path = System/Library/Frameworks/UIKit.framework; sourceTree = SDKROOT; };
		A54FCADA1908F926009B5255 /* SpriteKit.framework */ = {isa = PBXFileReference; lastKnownFileType = wrapper.framework; name = SpriteKit.framework; path = System/Library/Frameworks/SpriteKit.framework; sourceTree = SDKROOT; };
		A54FCADE1908F926009B5255 /* IgaBall-Info.plist */ = {isa = PBXFileReference; lastKnownFileType = text.plist.xml; path = "IgaBall-Info.plist"; sourceTree = "<group>"; };
		A54FCAE21908F926009B5255 /* main.m */ = {isa = PBXFileReference; lastKnownFileType = sourcecode.c.objc; path = main.m; sourceTree = "<group>"; };
		A54FCAE41908F926009B5255 /* IgaBall-Prefix.pch */ = {isa = PBXFileReference; lastKnownFileType = sourcecode.c.h; path = "IgaBall-Prefix.pch"; sourceTree = "<group>"; };
		A54FCAE51908F926009B5255 /* AppDelegate.h */ = {isa = PBXFileReference; lastKnownFileType = sourcecode.c.h; path = AppDelegate.h; sourceTree = "<group>"; };
		A54FCAE61908F926009B5255 /* AppDelegate.m */ = {isa = PBXFileReference; lastKnownFileType = sourcecode.c.objc; path = AppDelegate.m; sourceTree = "<group>"; };
		A54FCAEE1908F926009B5255 /* GameController.h */ = {isa = PBXFileReference; lastKnownFileType = sourcecode.c.h; path = GameController.h; sourceTree = "<group>"; };
		A54FCAEF1908F926009B5255 /* GameController.m */ = {isa = PBXFileReference; lastKnownFileType = sourcecode.c.objc; path = GameController.m; sourceTree = "<group>"; };
		A54FCAFC1908F926009B5255 /* IgaBallTests.xctest */ = {isa = PBXFileReference; explicitFileType = wrapper.cfbundle; includeInIndex = 0; path = IgaBallTests.xctest; sourceTree = BUILT_PRODUCTS_DIR; };
		A54FCAFD1908F926009B5255 /* XCTest.framework */ = {isa = PBXFileReference; lastKnownFileType = wrapper.framework; name = XCTest.framework; path = Library/Frameworks/XCTest.framework; sourceTree = DEVELOPER_DIR; };
		A54FCB051908F926009B5255 /* IgaBallTests-Info.plist */ = {isa = PBXFileReference; lastKnownFileType = text.plist.xml; path = "IgaBallTests-Info.plist"; sourceTree = "<group>"; };
		A54FCB071908F926009B5255 /* en */ = {isa = PBXFileReference; lastKnownFileType = text.plist.strings; name = en; path = en.lproj/InfoPlist.strings; sourceTree = "<group>"; };
		A54FCB091908F926009B5255 /* IgaBallTests.m */ = {isa = PBXFileReference; lastKnownFileType = sourcecode.c.objc; path = IgaBallTests.m; sourceTree = "<group>"; };
		A5556F53190C58930078C4C9 /* AdSupport.framework */ = {isa = PBXFileReference; lastKnownFileType = wrapper.framework; name = AdSupport.framework; path = System/Library/Frameworks/AdSupport.framework; sourceTree = SDKROOT; };
		A5556F54190C58930078C4C9 /* iAd.framework */ = {isa = PBXFileReference; lastKnownFileType = wrapper.framework; name = iAd.framework; path = System/Library/Frameworks/iAd.framework; sourceTree = SDKROOT; };
		A5556F58190D1C310078C4C9 /* GameScene.h */ = {isa = PBXFileReference; fileEncoding = 4; lastKnownFileType = sourcecode.c.h; path = GameScene.h; sourceTree = "<group>"; };
		A5556F59190D1C310078C4C9 /* GameScene.m */ = {isa = PBXFileReference; fileEncoding = 4; lastKnownFileType = sourcecode.c.objc; path = GameScene.m; sourceTree = "<group>"; };
		A5556F5A190D1C310078C4C9 /* LoadingScene.h */ = {isa = PBXFileReference; fileEncoding = 4; lastKnownFileType = sourcecode.c.h; path = LoadingScene.h; sourceTree = "<group>"; };
		A5556F5B190D1C310078C4C9 /* LoadingScene.m */ = {isa = PBXFileReference; fileEncoding = 4; lastKnownFileType = sourcecode.c.objc; path = LoadingScene.m; sourceTree = "<group>"; };
		A5556F5C190D1C310078C4C9 /* MainMenuScene.h */ = {isa = PBXFileReference; fileEncoding = 4; lastKnownFileType = sourcecode.c.h; path = MainMenuScene.h; sourceTree = "<group>"; };
		A5556F5D190D1C310078C4C9 /* MainMenuScene.m */ = {isa = PBXFileReference; fileEncoding = 4; lastKnownFileType = sourcecode.c.objc; path = MainMenuScene.m; sourceTree = "<group>"; };
		A5556F62190D1C8A0078C4C9 /* PillowObject.h */ = {isa = PBXFileReference; fileEncoding = 4; lastKnownFileType = sourcecode.c.h; path = PillowObject.h; sourceTree = "<group>"; };
		A5556F63190D1C8A0078C4C9 /* PillowObject.m */ = {isa = PBXFileReference; fileEncoding = 4; lastKnownFileType = sourcecode.c.objc; path = PillowObject.m; sourceTree = "<group>"; };
		A5556F65190D1F140078C4C9 /* Constants.h */ = {isa = PBXFileReference; lastKnownFileType = sourcecode.c.h; path = Constants.h; sourceTree = "<group>"; };
		A573C09F19210BB100D50372 /* PillowParticle.sks */ = {isa = PBXFileReference; lastKnownFileType = file.sks; path = PillowParticle.sks; sourceTree = "<group>"; };
		A573C0A319210C4300D50372 /* PillowParticle.png */ = {isa = PBXFileReference; lastKnownFileType = image.png; path = PillowParticle.png; sourceTree = "<group>"; };
		A58E5C80192376AD004F95BC /* Social.framework */ = {isa = PBXFileReference; lastKnownFileType = wrapper.framework; name = Social.framework; path = System/Library/Frameworks/Social.framework; sourceTree = SDKROOT; };
		A58E5C82192392A4004F95BC /* InfoScene.h */ = {isa = PBXFileReference; fileEncoding = 4; lastKnownFileType = sourcecode.c.h; path = InfoScene.h; sourceTree = "<group>"; };
		A58E5C83192392A4004F95BC /* InfoScene.m */ = {isa = PBXFileReference; fileEncoding = 4; lastKnownFileType = sourcecode.c.objc; path = InfoScene.m; sourceTree = "<group>"; };
		A5974A5619100E0C009BD12A /* BallObject.h */ = {isa = PBXFileReference; fileEncoding = 4; lastKnownFileType = sourcecode.c.h; path = BallObject.h; sourceTree = "<group>"; };
		A5974A5719100E0C009BD12A /* BallObject.m */ = {isa = PBXFileReference; fileEncoding = 4; lastKnownFileType = sourcecode.c.objc; path = BallObject.m; sourceTree = "<group>"; };
		A5974A6119102D12009BD12A /* GameOverScene.h */ = {isa = PBXFileReference; fileEncoding = 4; lastKnownFileType = sourcecode.c.h; path = GameOverScene.h; sourceTree = "<group>"; };
		A5974A6219102D12009BD12A /* GameOverScene.m */ = {isa = PBXFileReference; fileEncoding = 4; lastKnownFileType = sourcecode.c.objc; path = GameOverScene.m; sourceTree = "<group>"; };
		A5B177031908FA54000C9921 /* Base */ = {isa = PBXFileReference; lastKnownFileType = file.storyboard; name = Base; path = Base.lproj/Main_iPad.storyboard; sourceTree = "<group>"; };
		A5B177051908FA54000C9921 /* Base */ = {isa = PBXFileReference; lastKnownFileType = file.storyboard; name = Base; path = Base.lproj/Main_iPhone.storyboard; sourceTree = "<group>"; };
		A5B177061908FA54000C9921 /* Images.xcassets */ = {isa = PBXFileReference; lastKnownFileType = folder.assetcatalog; path = Images.xcassets; sourceTree = "<group>"; };
		A5B177091908FA54000C9921 /* en */ = {isa = PBXFileReference; lastKnownFileType = text.plist.strings; name = en; path = en.lproj/InfoPlist.strings; sourceTree = "<group>"; };
		A5B6E310191A2956000B967D /* GameKit.framework */ = {isa = PBXFileReference; lastKnownFileType = wrapper.framework; name = GameKit.framework; path = System/Library/Frameworks/GameKit.framework; sourceTree = SDKROOT; };
		A5E754AB196B2AC2006E4E47 /* BaseScene.h */ = {isa = PBXFileReference; fileEncoding = 4; lastKnownFileType = sourcecode.c.h; path = BaseScene.h; sourceTree = "<group>"; };
		A5E754AC196B2AC2006E4E47 /* BaseScene.m */ = {isa = PBXFileReference; fileEncoding = 4; lastKnownFileType = sourcecode.c.objc; path = BaseScene.m; sourceTree = "<group>"; };
		A5E754AE196B382A006E4E47 /* game.m4a */ = {isa = PBXFileReference; lastKnownFileType = file; path = game.m4a; sourceTree = "<group>"; };
		A5E754AF196B382A006E4E47 /* gameover.m4a */ = {isa = PBXFileReference; lastKnownFileType = file; path = gameover.m4a; sourceTree = "<group>"; };
		A5E754B0196B382A006E4E47 /* main.m4a */ = {isa = PBXFileReference; lastKnownFileType = file; path = main.m4a; sourceTree = "<group>"; };
/* End PBXFileReference section */

/* Begin PBXFrameworksBuildPhase section */
		A54FCACE1908F926009B5255 /* Frameworks */ = {
			isa = PBXFrameworksBuildPhase;
			buildActionMask = 2147483647;
			files = (
				A58E5C81192376AD004F95BC /* Social.framework in Frameworks */,
				A5B6E311191A2956000B967D /* GameKit.framework in Frameworks */,
				A5556F55190C58930078C4C9 /* AdSupport.framework in Frameworks */,
				A5556F56190C58930078C4C9 /* iAd.framework in Frameworks */,
				A54FCAD71908F926009B5255 /* CoreGraphics.framework in Frameworks */,
				A54FCAD91908F926009B5255 /* UIKit.framework in Frameworks */,
				A54FCADB1908F926009B5255 /* SpriteKit.framework in Frameworks */,
				A54FCAD51908F926009B5255 /* Foundation.framework in Frameworks */,
			);
			runOnlyForDeploymentPostprocessing = 0;
		};
		A54FCAF91908F926009B5255 /* Frameworks */ = {
			isa = PBXFrameworksBuildPhase;
			buildActionMask = 2147483647;
			files = (
				A54FCAFE1908F926009B5255 /* XCTest.framework in Frameworks */,
				A54FCB001908F926009B5255 /* UIKit.framework in Frameworks */,
				A54FCAFF1908F926009B5255 /* Foundation.framework in Frameworks */,
			);
			runOnlyForDeploymentPostprocessing = 0;
		};
/* End PBXFrameworksBuildPhase section */

/* Begin PBXGroup section */
		A519944F197EA445009684C4 /* Fonts */ = {
			isa = PBXGroup;
			children = (
				A5199450197EA445009684C4 /* Sniglet.ttf */,
			);
			path = Fonts;
			sourceTree = "<group>";
		};
		A5199456197EAAE7009684C4 /* CustomView */ = {
			isa = PBXGroup;
			children = (
				A5199457197EAAE7009684C4 /* ShadowLabelNode.h */,
				A5199458197EAAE7009684C4 /* ShadowLabelNode.m */,
			);
			path = CustomView;
			sourceTree = "<group>";
		};
		A54FCAC81908F926009B5255 = {
			isa = PBXGroup;
			children = (
				A54FCADC1908F926009B5255 /* IgaBall */,
				A54FCB031908F926009B5255 /* IgaBallTests */,
				A5B177011908FA54000C9921 /* Resources */,
				A54FCAD31908F926009B5255 /* Frameworks */,
				A54FCAD21908F926009B5255 /* Products */,
			);
			sourceTree = "<group>";
		};
		A54FCAD21908F926009B5255 /* Products */ = {
			isa = PBXGroup;
			children = (
				A54FCAD11908F926009B5255 /* IgaBall.app */,
				A54FCAFC1908F926009B5255 /* IgaBallTests.xctest */,
			);
			name = Products;
			sourceTree = "<group>";
		};
		A54FCAD31908F926009B5255 /* Frameworks */ = {
			isa = PBXGroup;
			children = (
				A58E5C80192376AD004F95BC /* Social.framework */,
				A5B6E310191A2956000B967D /* GameKit.framework */,
				A5556F53190C58930078C4C9 /* AdSupport.framework */,
				A5556F54190C58930078C4C9 /* iAd.framework */,
				A54FCAD41908F926009B5255 /* Foundation.framework */,
				A54FCAD61908F926009B5255 /* CoreGraphics.framework */,
				A54FCAD81908F926009B5255 /* UIKit.framework */,
				A54FCADA1908F926009B5255 /* SpriteKit.framework */,
				A54FCAFD1908F926009B5255 /* XCTest.framework */,
			);
			name = Frameworks;
			sourceTree = "<group>";
		};
		A54FCADC1908F926009B5255 /* IgaBall */ = {
			isa = PBXGroup;
			children = (
				A5199456197EAAE7009684C4 /* CustomView */,
				A5556F61190D1C670078C4C9 /* Oblects */,
				A5556F57190D1C310078C4C9 /* Scenes */,
				A54FCAE51908F926009B5255 /* AppDelegate.h */,
				A54FCAE61908F926009B5255 /* AppDelegate.m */,
				A54FCAEE1908F926009B5255 /* GameController.h */,
				A54FCAEF1908F926009B5255 /* GameController.m */,
				A54FCADD1908F926009B5255 /* Supporting Files */,
				A5556F65190D1F140078C4C9 /* Constants.h */,
			);
			path = IgaBall;
			sourceTree = "<group>";
		};
		A54FCADD1908F926009B5255 /* Supporting Files */ = {
			isa = PBXGroup;
			children = (
				A54FCADE1908F926009B5255 /* IgaBall-Info.plist */,
				A54FCAE21908F926009B5255 /* main.m */,
				A54FCAE41908F926009B5255 /* IgaBall-Prefix.pch */,
			);
			name = "Supporting Files";
			sourceTree = "<group>";
		};
		A54FCB031908F926009B5255 /* IgaBallTests */ = {
			isa = PBXGroup;
			children = (
				A54FCB091908F926009B5255 /* IgaBallTests.m */,
				A54FCB041908F926009B5255 /* Supporting Files */,
			);
			path = IgaBallTests;
			sourceTree = "<group>";
		};
		A54FCB041908F926009B5255 /* Supporting Files */ = {
			isa = PBXGroup;
			children = (
				A54FCB051908F926009B5255 /* IgaBallTests-Info.plist */,
				A54FCB061908F926009B5255 /* InfoPlist.strings */,
			);
			name = "Supporting Files";
			sourceTree = "<group>";
		};
		A5556F42190C2FEC0078C4C9 /* Sound */ = {
			isa = PBXGroup;
			children = (
				A5E754AE196B382A006E4E47 /* game.m4a */,
				A5E754AF196B382A006E4E47 /* gameover.m4a */,
				A5E754B0196B382A006E4E47 /* main.m4a */,
				A523794F1934C1E1007D34CC /* pop.m4a */,
			);
			path = Sound;
			sourceTree = "<group>";
		};
		A5556F57190D1C310078C4C9 /* Scenes */ = {
			isa = PBXGroup;
			children = (
				A5556F58190D1C310078C4C9 /* GameScene.h */,
				A5556F59190D1C310078C4C9 /* GameScene.m */,
				A5556F5A190D1C310078C4C9 /* LoadingScene.h */,
				A5556F5B190D1C310078C4C9 /* LoadingScene.m */,
				A5556F5C190D1C310078C4C9 /* MainMenuScene.h */,
				A5556F5D190D1C310078C4C9 /* MainMenuScene.m */,
				A5974A6119102D12009BD12A /* GameOverScene.h */,
				A5974A6219102D12009BD12A /* GameOverScene.m */,
				A58E5C82192392A4004F95BC /* InfoScene.h */,
				A58E5C83192392A4004F95BC /* InfoScene.m */,
				A5E754AB196B2AC2006E4E47 /* BaseScene.h */,
				A5E754AC196B2AC2006E4E47 /* BaseScene.m */,
			);
			path = Scenes;
			sourceTree = "<group>";
		};
		A5556F61190D1C670078C4C9 /* Oblects */ = {
			isa = PBXGroup;
			children = (
				A5556F62190D1C8A0078C4C9 /* PillowObject.h */,
				A5556F63190D1C8A0078C4C9 /* PillowObject.m */,
				A5974A5619100E0C009BD12A /* BallObject.h */,
				A5974A5719100E0C009BD12A /* BallObject.m */,
			);
			path = Oblects;
			sourceTree = "<group>";
		};
		A5B177011908FA54000C9921 /* Resources */ = {
			isa = PBXGroup;
			children = (
				A519944F197EA445009684C4 /* Fonts */,
				A5556F42190C2FEC0078C4C9 /* Sound */,
				A5B177021908FA54000C9921 /* Main_iPad.storyboard */,
				A5B177041908FA54000C9921 /* Main_iPhone.storyboard */,
				A5B177061908FA54000C9921 /* Images.xcassets */,
				A5B177081908FA54000C9921 /* InfoPlist.strings */,
				A573C09F19210BB100D50372 /* PillowParticle.sks */,
				A573C0A319210C4300D50372 /* PillowParticle.png */,
			);
			path = Resources;
			sourceTree = "<group>";
		};
/* End PBXGroup section */

/* Begin PBXNativeTarget section */
		A54FCAD01908F926009B5255 /* IgaBall */ = {
			isa = PBXNativeTarget;
			buildConfigurationList = A54FCB0D1908F926009B5255 /* Build configuration list for PBXNativeTarget "IgaBall" */;
			buildPhases = (
				A54FCACD1908F926009B5255 /* Sources */,
				A54FCACE1908F926009B5255 /* Frameworks */,
				A54FCACF1908F926009B5255 /* Resources */,
			);
			buildRules = (
			);
			dependencies = (
			);
			name = IgaBall;
			productName = IgaBall;
			productReference = A54FCAD11908F926009B5255 /* IgaBall.app */;
			productType = "com.apple.product-type.application";
		};
		A54FCAFB1908F926009B5255 /* IgaBallTests */ = {
			isa = PBXNativeTarget;
			buildConfigurationList = A54FCB101908F926009B5255 /* Build configuration list for PBXNativeTarget "IgaBallTests" */;
			buildPhases = (
				A54FCAF81908F926009B5255 /* Sources */,
				A54FCAF91908F926009B5255 /* Frameworks */,
				A54FCAFA1908F926009B5255 /* Resources */,
			);
			buildRules = (
			);
			dependencies = (
				A54FCB021908F926009B5255 /* PBXTargetDependency */,
			);
			name = IgaBallTests;
			productName = IgaBallTests;
			productReference = A54FCAFC1908F926009B5255 /* IgaBallTests.xctest */;
			productType = "com.apple.product-type.bundle.unit-test";
		};
/* End PBXNativeTarget section */

/* Begin PBXProject section */
		A54FCAC91908F926009B5255 /* Project object */ = {
			isa = PBXProject;
			attributes = {
				LastUpgradeCheck = 0510;
				ORGANIZATIONNAME = "IGR Software";
				TargetAttributes = {
					A54FCAD01908F926009B5255 = {
						DevelopmentTeam = DMP42GVPJ3;
					};
					A54FCAFB1908F926009B5255 = {
						TestTargetID = A54FCAD01908F926009B5255;
					};
				};
			};
			buildConfigurationList = A54FCACC1908F926009B5255 /* Build configuration list for PBXProject "IgaBall" */;
			compatibilityVersion = "Xcode 3.2";
			developmentRegion = English;
			hasScannedForEncodings = 0;
			knownRegions = (
				en,
				Base,
			);
			mainGroup = A54FCAC81908F926009B5255;
			productRefGroup = A54FCAD21908F926009B5255 /* Products */;
			projectDirPath = "";
			projectRoot = "";
			targets = (
				A54FCAD01908F926009B5255 /* IgaBall */,
				A54FCAFB1908F926009B5255 /* IgaBallTests */,
			);
		};
/* End PBXProject section */

/* Begin PBXResourcesBuildPhase section */
		A54FCACF1908F926009B5255 /* Resources */ = {
			isa = PBXResourcesBuildPhase;
			buildActionMask = 2147483647;
			files = (
				A5B1770E1908FA54000C9921 /* InfoPlist.strings in Resources */,
				A5B1770C1908FA54000C9921 /* Images.xcassets in Resources */,
				A5199451197EA445009684C4 /* Sniglet.ttf in Resources */,
				A5E754B1196B382A006E4E47 /* game.m4a in Resources */,
				A5E754B3196B382A006E4E47 /* main.m4a in Resources */,
				A5B1770A1908FA54000C9921 /* Main_iPad.storyboard in Resources */,
				A5E754B2196B382A006E4E47 /* gameover.m4a in Resources */,
				A573C0A119210BB100D50372 /* PillowParticle.sks in Resources */,
				A52379501934C1E1007D34CC /* pop.m4a in Resources */,
				A5B1770B1908FA54000C9921 /* Main_iPhone.storyboard in Resources */,
				A573C0A419210C4300D50372 /* PillowParticle.png in Resources */,
			);
			runOnlyForDeploymentPostprocessing = 0;
		};
		A54FCAFA1908F926009B5255 /* Resources */ = {
			isa = PBXResourcesBuildPhase;
			buildActionMask = 2147483647;
			files = (
				A54FCB081908F926009B5255 /* InfoPlist.strings in Resources */,
			);
			runOnlyForDeploymentPostprocessing = 0;
		};
/* End PBXResourcesBuildPhase section */

/* Begin PBXSourcesBuildPhase section */
		A54FCACD1908F926009B5255 /* Sources */ = {
			isa = PBXSourcesBuildPhase;
			buildActionMask = 2147483647;
			files = (
				A5556F64190D1C8A0078C4C9 /* PillowObject.m in Sources */,
				A5974A6319102D12009BD12A /* GameOverScene.m in Sources */,
				A5974A5819100E0C009BD12A /* BallObject.m in Sources */,
				A54FCAF01908F926009B5255 /* GameController.m in Sources */,
				A54FCAE71908F926009B5255 /* AppDelegate.m in Sources */,
				A5556F5E190D1C310078C4C9 /* GameScene.m in Sources */,
				A58E5C84192392A4004F95BC /* InfoScene.m in Sources */,
				A5556F5F190D1C310078C4C9 /* LoadingScene.m in Sources */,
				A5199459197EAAE7009684C4 /* ShadowLabelNode.m in Sources */,
				A5556F60190D1C310078C4C9 /* MainMenuScene.m in Sources */,
				A54FCAE31908F926009B5255 /* main.m in Sources */,
				A5E754AD196B2AC2006E4E47 /* BaseScene.m in Sources */,
			);
			runOnlyForDeploymentPostprocessing = 0;
		};
		A54FCAF81908F926009B5255 /* Sources */ = {
			isa = PBXSourcesBuildPhase;
			buildActionMask = 2147483647;
			files = (
				A54FCB0A1908F926009B5255 /* IgaBallTests.m in Sources */,
			);
			runOnlyForDeploymentPostprocessing = 0;
		};
/* End PBXSourcesBuildPhase section */

/* Begin PBXTargetDependency section */
		A54FCB021908F926009B5255 /* PBXTargetDependency */ = {
			isa = PBXTargetDependency;
			target = A54FCAD01908F926009B5255 /* IgaBall */;
			targetProxy = A54FCB011908F926009B5255 /* PBXContainerItemProxy */;
		};
/* End PBXTargetDependency section */

/* Begin PBXVariantGroup section */
		A54FCB061908F926009B5255 /* InfoPlist.strings */ = {
			isa = PBXVariantGroup;
			children = (
				A54FCB071908F926009B5255 /* en */,
			);
			name = InfoPlist.strings;
			sourceTree = "<group>";
		};
		A5B177021908FA54000C9921 /* Main_iPad.storyboard */ = {
			isa = PBXVariantGroup;
			children = (
				A5B177031908FA54000C9921 /* Base */,
			);
			name = Main_iPad.storyboard;
			sourceTree = "<group>";
		};
		A5B177041908FA54000C9921 /* Main_iPhone.storyboard */ = {
			isa = PBXVariantGroup;
			children = (
				A5B177051908FA54000C9921 /* Base */,
			);
			name = Main_iPhone.storyboard;
			sourceTree = "<group>";
		};
		A5B177081908FA54000C9921 /* InfoPlist.strings */ = {
			isa = PBXVariantGroup;
			children = (
				A5B177091908FA54000C9921 /* en */,
			);
			name = InfoPlist.strings;
			sourceTree = "<group>";
		};
/* End PBXVariantGroup section */

/* Begin XCBuildConfiguration section */
		A54FCB0B1908F926009B5255 /* Debug */ = {
			isa = XCBuildConfiguration;
			buildSettings = {
				ALWAYS_SEARCH_USER_PATHS = NO;
				CLANG_CXX_LANGUAGE_STANDARD = "gnu++0x";
				CLANG_CXX_LIBRARY = "libc++";
				CLANG_ENABLE_MODULES = YES;
				CLANG_ENABLE_OBJC_ARC = YES;
				CLANG_WARN_BOOL_CONVERSION = YES;
				CLANG_WARN_CONSTANT_CONVERSION = YES;
				CLANG_WARN_DIRECT_OBJC_ISA_USAGE = YES_ERROR;
				CLANG_WARN_EMPTY_BODY = YES;
				CLANG_WARN_ENUM_CONVERSION = YES;
				CLANG_WARN_INT_CONVERSION = YES;
				CLANG_WARN_OBJC_ROOT_CLASS = YES_ERROR;
				CLANG_WARN__DUPLICATE_METHOD_MATCH = YES;
				COPY_PHASE_STRIP = NO;
				GCC_C_LANGUAGE_STANDARD = gnu99;
				GCC_DYNAMIC_NO_PIC = NO;
				GCC_OPTIMIZATION_LEVEL = 0;
				GCC_PREPROCESSOR_DEFINITIONS = (
					"DEBUG=1",
					"$(inherited)",
				);
				GCC_SYMBOLS_PRIVATE_EXTERN = NO;
				GCC_WARN_64_TO_32_BIT_CONVERSION = YES;
				GCC_WARN_ABOUT_RETURN_TYPE = YES_ERROR;
				GCC_WARN_UNDECLARED_SELECTOR = YES;
				GCC_WARN_UNINITIALIZED_AUTOS = YES_AGGRESSIVE;
				GCC_WARN_UNUSED_FUNCTION = YES;
				GCC_WARN_UNUSED_VARIABLE = YES;
				IPHONEOS_DEPLOYMENT_TARGET = 7.0;
				ONLY_ACTIVE_ARCH = YES;
				PROVISIONING_PROFILE = "F32AF50E-F679-4B3B-8C1D-AE56CF235585";
				SDKROOT = iphoneos;
				TARGETED_DEVICE_FAMILY = "1,2";
			};
			name = Debug;
		};
		A54FCB0C1908F926009B5255 /* Release */ = {
			isa = XCBuildConfiguration;
			buildSettings = {
				ALWAYS_SEARCH_USER_PATHS = NO;
				CLANG_CXX_LANGUAGE_STANDARD = "gnu++0x";
				CLANG_CXX_LIBRARY = "libc++";
				CLANG_ENABLE_MODULES = YES;
				CLANG_ENABLE_OBJC_ARC = YES;
				CLANG_WARN_BOOL_CONVERSION = YES;
				CLANG_WARN_CONSTANT_CONVERSION = YES;
				CLANG_WARN_DIRECT_OBJC_ISA_USAGE = YES_ERROR;
				CLANG_WARN_EMPTY_BODY = YES;
				CLANG_WARN_ENUM_CONVERSION = YES;
				CLANG_WARN_INT_CONVERSION = YES;
				CLANG_WARN_OBJC_ROOT_CLASS = YES_ERROR;
				CLANG_WARN__DUPLICATE_METHOD_MATCH = YES;
				COPY_PHASE_STRIP = YES;
				ENABLE_NS_ASSERTIONS = NO;
				GCC_C_LANGUAGE_STANDARD = gnu99;
				GCC_WARN_64_TO_32_BIT_CONVERSION = YES;
				GCC_WARN_ABOUT_RETURN_TYPE = YES_ERROR;
				GCC_WARN_UNDECLARED_SELECTOR = YES;
				GCC_WARN_UNINITIALIZED_AUTOS = YES_AGGRESSIVE;
				GCC_WARN_UNUSED_FUNCTION = YES;
				GCC_WARN_UNUSED_VARIABLE = YES;
				IPHONEOS_DEPLOYMENT_TARGET = 7.0;
				PROVISIONING_PROFILE = "F32AF50E-F679-4B3B-8C1D-AE56CF235585";
				SDKROOT = iphoneos;
				TARGETED_DEVICE_FAMILY = "1,2";
				VALIDATE_PRODUCT = YES;
			};
			name = Release;
		};
		A54FCB0E1908F926009B5255 /* Debug */ = {
			isa = XCBuildConfiguration;
			buildSettings = {
				ASSETCATALOG_COMPILER_APPICON_NAME = AppIcon;
				ASSETCATALOG_COMPILER_LAUNCHIMAGE_NAME = LaunchImage;
				CODE_SIGN_IDENTITY = "iPhone Developer";
				GCC_PRECOMPILE_PREFIX_HEADER = YES;
				GCC_PREFIX_HEADER = "IgaBall/IgaBall-Prefix.pch";
				INFOPLIST_FILE = "IgaBall/IgaBall-Info.plist";
				PRODUCT_NAME = "$(TARGET_NAME)";
				PROVISIONING_PROFILE = "";
				SPRITEKIT_TEXTURE_ATLAS_OUTPUT = YES;
				WRAPPER_EXTENSION = app;
			};
			name = Debug;
		};
		A54FCB0F1908F926009B5255 /* Release */ = {
			isa = XCBuildConfiguration;
			buildSettings = {
				ASSETCATALOG_COMPILER_APPICON_NAME = AppIcon;
				ASSETCATALOG_COMPILER_LAUNCHIMAGE_NAME = LaunchImage;
				CODE_SIGN_IDENTITY = "iPhone Distribution";
				GCC_PRECOMPILE_PREFIX_HEADER = YES;
				GCC_PREFIX_HEADER = "IgaBall/IgaBall-Prefix.pch";
				INFOPLIST_FILE = "IgaBall/IgaBall-Info.plist";
				PRODUCT_NAME = "$(TARGET_NAME)";
				PROVISIONING_PROFILE = "";
				SPRITEKIT_TEXTURE_ATLAS_OUTPUT = YES;
				WRAPPER_EXTENSION = app;
			};
			name = Release;
		};
		A54FCB111908F926009B5255 /* Debug */ = {
			isa = XCBuildConfiguration;
			buildSettings = {
				BUNDLE_LOADER = "$(BUILT_PRODUCTS_DIR)/IgaBall.app/IgaBall";
				FRAMEWORK_SEARCH_PATHS = (
					"$(SDKROOT)/Developer/Library/Frameworks",
					"$(inherited)",
					"$(DEVELOPER_FRAMEWORKS_DIR)",
				);
				GCC_PRECOMPILE_PREFIX_HEADER = YES;
				GCC_PREFIX_HEADER = "IgaBall/IgaBall-Prefix.pch";
				GCC_PREPROCESSOR_DEFINITIONS = (
					"DEBUG=1",
					"$(inherited)",
				);
				INFOPLIST_FILE = "IgaBallTests/IgaBallTests-Info.plist";
				PRODUCT_NAME = "$(TARGET_NAME)";
				TEST_HOST = "$(BUNDLE_LOADER)";
				WRAPPER_EXTENSION = xctest;
			};
			name = Debug;
		};
		A54FCB121908F926009B5255 /* Release */ = {
			isa = XCBuildConfiguration;
			buildSettings = {
				BUNDLE_LOADER = "$(BUILT_PRODUCTS_DIR)/IgaBall.app/IgaBall";
				FRAMEWORK_SEARCH_PATHS = (
					"$(SDKROOT)/Developer/Library/Frameworks",
					"$(inherited)",
					"$(DEVELOPER_FRAMEWORKS_DIR)",
				);
				GCC_PRECOMPILE_PREFIX_HEADER = YES;
				GCC_PREFIX_HEADER = "IgaBall/IgaBall-Prefix.pch";
				INFOPLIST_FILE = "IgaBallTests/IgaBallTests-Info.plist";
				PRODUCT_NAME = "$(TARGET_NAME)";
				TEST_HOST = "$(BUNDLE_LOADER)";
				WRAPPER_EXTENSION = xctest;
			};
			name = Release;
		};
/* End XCBuildConfiguration section */

/* Begin XCConfigurationList section */
		A54FCACC1908F926009B5255 /* Build configuration list for PBXProject "IgaBall" */ = {
			isa = XCConfigurationList;
			buildConfigurations = (
				A54FCB0B1908F926009B5255 /* Debug */,
				A54FCB0C1908F926009B5255 /* Release */,
			);
			defaultConfigurationIsVisible = 0;
			defaultConfigurationName = Release;
		};
		A54FCB0D1908F926009B5255 /* Build configuration list for PBXNativeTarget "IgaBall" */ = {
			isa = XCConfigurationList;
			buildConfigurations = (
				A54FCB0E1908F926009B5255 /* Debug */,
				A54FCB0F1908F926009B5255 /* Release */,
			);
			defaultConfigurationIsVisible = 0;
			defaultConfigurationName = Release;
		};
		A54FCB101908F926009B5255 /* Build configuration list for PBXNativeTarget "IgaBallTests" */ = {
			isa = XCConfigurationList;
			buildConfigurations = (
				A54FCB111908F926009B5255 /* Debug */,
				A54FCB121908F926009B5255 /* Release */,
			);
			defaultConfigurationIsVisible = 0;
			defaultConfigurationName = Release;
		};
/* End XCConfigurationList section */
	};
	rootObject = A54FCAC91908F926009B5255 /* Project object */;
}
